
Microsoft Visual Studio Solution File, Format Version 12.00
# Visual Studio Version 17
VisualStudioVersion = 17.11.35312.102
MinimumVisualStudioVersion = 10.0.40219.1
Project("{FAE04EC0-301F-11D3-BF4B-00C04F79EFBC}") = "JsonPosts", "JsonPosts\JsonPosts.csproj", "{8B312E52-B234-44EF-927F-790A5419C9DA}"
EndProject
Global
	GlobalSection(SolutionConfigurationPlatforms) = preSolution
		Debug|Any CPU = Debug|Any CPU
		Release|Any CPU = Release|Any CPU
	EndGlobalSection
	GlobalSection(ProjectConfigurationPlatforms) = postSolution
		{8B312E52-B234-44EF-927F-790A5419C9DA}.Debug|Any CPU.ActiveCfg = Debug|Any CPU
		{8B312E52-B234-44EF-927F-790A5419C9DA}.Debug|Any CPU.Build.0 = Debug|Any CPU
		{8B312E52-B234-44EF-927F-790A5419C9DA}.Release|Any CPU.ActiveCfg = Release|Any CPU
		{8B312E52-B234-44EF-927F-790A5419C9DA}.Release|Any CPU.Build.0 = Release|Any CPU
	EndGlobalSection
	GlobalSection(SolutionProperties) = preSolution
		HideSolutionNode = FALSE
	EndGlobalSection
	GlobalSection(ExtensibilityGlobals) = postSolution
		SolutionGuid = {FA398175-0666-455B-9543-CB86C903F32E}
	EndGlobalSection
EndGlobal
